
Microsoft Visual Studio Solution File, Format Version 12.00
# Visual Studio Version 17
VisualStudioVersion = 17.0.32112.339
MinimumVisualStudioVersion = 10.0.40219.1
Project("{FAE04EC0-301F-11D3-BF4B-00C04F79EFBC}") = "Cw1_w1867890_Client", "Cw1_w1867890_Client\Cw1_w1867890_Client.csproj", "{D629DC9A-5072-48E7-849A-6D509E24083D}"
EndProject
Global
	GlobalSection(SolutionConfigurationPlatforms) = preSolution
		Debug|Any CPU = Debug|Any CPU
		Release|Any CPU = Release|Any CPU
	EndGlobalSection
	GlobalSection(ProjectConfigurationPlatforms) = postSolution
		{D629DC9A-5072-48E7-849A-6D509E24083D}.Debug|Any CPU.ActiveCfg = Debug|Any CPU
		{D629DC9A-5072-48E7-849A-6D509E24083D}.Debug|Any CPU.Build.0 = Debug|Any CPU
		{D629DC9A-5072-48E7-849A-6D509E24083D}.Release|Any CPU.ActiveCfg = Release|Any CPU
		{D629DC9A-5072-48E7-849A-6D509E24083D}.Release|Any CPU.Build.0 = Release|Any CPU
	EndGlobalSection
	GlobalSection(SolutionProperties) = preSolution
		HideSolutionNode = FALSE
	EndGlobalSection
	GlobalSection(ExtensibilityGlobals) = postSolution
		SolutionGuid = {B6F45DE4-6891-422C-8CD9-B8CAF8CE4A75}
	EndGlobalSection
EndGlobal
